// !$*UTF8*$!
{
	archiveVersion = 1;
	classes = {
	};
	objectVersion = 50;
	objects = {

/* Begin PBXBuildFile section */
		D7BC90C524C65C0F008C92B0 /* AppDelegate.swift in Sources */ = {isa = PBXBuildFile; fileRef = D7BC90C424C65C0F008C92B0 /* AppDelegate.swift */; };
		D7BC90C724C65C0F008C92B0 /* SceneDelegate.swift in Sources */ = {isa = PBXBuildFile; fileRef = D7BC90C624C65C0F008C92B0 /* SceneDelegate.swift */; };
		D7BC90C924C65C0F008C92B0 /* ViewController.swift in Sources */ = {isa = PBXBuildFile; fileRef = D7BC90C824C65C0F008C92B0 /* ViewController.swift */; };
		D7BC90CC24C65C0F008C92B0 /* Main.storyboard in Resources */ = {isa = PBXBuildFile; fileRef = D7BC90CA24C65C0F008C92B0 /* Main.storyboard */; };
		D7BC90CF24C65C0F008C92B0 /* SneakTrack.xcdatamodeld in Sources */ = {isa = PBXBuildFile; fileRef = D7BC90CD24C65C0F008C92B0 /* SneakTrack.xcdatamodeld */; };
		D7BC90D124C65C15008C92B0 /* Assets.xcassets in Resources */ = {isa = PBXBuildFile; fileRef = D7BC90D024C65C15008C92B0 /* Assets.xcassets */; };
		D7BC90D424C65C15008C92B0 /* LaunchScreen.storyboard in Resources */ = {isa = PBXBuildFile; fileRef = D7BC90D224C65C15008C92B0 /* LaunchScreen.storyboard */; };
/* End PBXBuildFile section */

/* Begin PBXFileReference section */
		D7BC90C124C65C0F008C92B0 /* SneakTrack.app */ = {isa = PBXFileReference; explicitFileType = wrapper.application; includeInIndex = 0; path = SneakTrack.app; sourceTree = BUILT_PRODUCTS_DIR; };
		D7BC90C424C65C0F008C92B0 /* AppDelegate.swift */ = {isa = PBXFileReference; lastKnownFileType = sourcecode.swift; path = AppDelegate.swift; sourceTree = "<group>"; };
		D7BC90C624C65C0F008C92B0 /* SceneDelegate.swift */ = {isa = PBXFileReference; lastKnownFileType = sourcecode.swift; path = SceneDelegate.swift; sourceTree = "<group>"; };
		D7BC90C824C65C0F008C92B0 /* ViewController.swift */ = {isa = PBXFileReference; lastKnownFileType = sourcecode.swift; path = ViewController.swift; sourceTree = "<group>"; };
		D7BC90CB24C65C0F008C92B0 /* Base */ = {isa = PBXFileReference; lastKnownFileType = file.storyboard; name = Base; path = Base.lproj/Main.storyboard; sourceTree = "<group>"; };
		D7BC90CE24C65C0F008C92B0 /* SneakTrack.xcdatamodel */ = {isa = PBXFileReference; lastKnownFileType = wrapper.xcdatamodel; path = SneakTrack.xcdatamodel; sourceTree = "<group>"; };
		D7BC90D024C65C15008C92B0 /* Assets.xcassets */ = {isa = PBXFileReference; lastKnownFileType = folder.assetcatalog; path = Assets.xcassets; sourceTree = "<group>"; };
		D7BC90D324C65C15008C92B0 /* Base */ = {isa = PBXFileReference; lastKnownFileType = file.storyboard; name = Base; path = Base.lproj/LaunchScreen.storyboard; sourceTree = "<group>"; };
		D7BC90D524C65C15008C92B0 /* Info.plist */ = {isa = PBXFileReference; lastKnownFileType = text.plist.xml; path = Info.plist; sourceTree = "<group>"; };
/* End PBXFileReference section */

/* Begin PBXFrameworksBuildPhase section */
		D7BC90BE24C65C0F008C92B0 /* Frameworks */ = {
			isa = PBXFrameworksBuildPhase;
			buildActionMask = 2147483647;
			files = (
			);
			runOnlyForDeploymentPostprocessing = 0;
		};
/* End PBXFrameworksBuildPhase section */

/* Begin PBXGroup section */
		D7BC90B824C65C0F008C92B0 = {
			isa = PBXGroup;
			children = (
				D7BC90C324C65C0F008C92B0 /* SneakTrack */,
				D7BC90C224C65C0F008C92B0 /* Products */,
			);
			sourceTree = "<group>";
		};
		D7BC90C224C65C0F008C92B0 /* Products */ = {
			isa = PBXGroup;
			children = (
				D7BC90C124C65C0F008C92B0 /* SneakTrack.app */,
			);
			name = Products;
			sourceTree = "<group>";
		};
		D7BC90C324C65C0F008C92B0 /* SneakTrack */ = {
			isa = PBXGroup;
			children = (
				D7BC90C424C65C0F008C92B0 /* AppDelegate.swift */,
				D7BC90C624C65C0F008C92B0 /* SceneDelegate.swift */,
				D7BC90C824C65C0F008C92B0 /* ViewController.swift */,
				D7BC90CA24C65C0F008C92B0 /* Main.storyboard */,
				D7BC90D024C65C15008C92B0 /* Assets.xcassets */,
				D7BC90D224C65C15008C92B0 /* LaunchScreen.storyboard */,
				D7BC90D524C65C15008C92B0 /* Info.plist */,
				D7BC90CD24C65C0F008C92B0 /* SneakTrack.xcdatamodeld */,
			);
			path = SneakTrack;
			sourceTree = "<group>";
		};
/* End PBXGroup section */

/* Begin PBXNativeTarget section */
		D7BC90C024C65C0F008C92B0 /* SneakTrack */ = {
			isa = PBXNativeTarget;
			buildConfigurationList = D7BC90D824C65C15008C92B0 /* Build configuration list for PBXNativeTarget "SneakTrack" */;
			buildPhases = (
				D7BC90BD24C65C0F008C92B0 /* Sources */,
				D7BC90BE24C65C0F008C92B0 /* Frameworks */,
				D7BC90BF24C65C0F008C92B0 /* Resources */,
			);
			buildRules = (
			);
			dependencies = (
			);
			name = SneakTrack;
			productName = SneakTrack;
			productReference = D7BC90C124C65C0F008C92B0 /* SneakTrack.app */;
			productType = "com.apple.product-type.application";
		};
/* End PBXNativeTarget section */

/* Begin PBXProject section */
		D7BC90B924C65C0F008C92B0 /* Project object */ = {
			isa = PBXProject;
			attributes = {
				LastSwiftUpdateCheck = 1160;
				LastUpgradeCheck = 1160;
				ORGANIZATIONNAME = "Arpon Purkayastha";
				TargetAttributes = {
					D7BC90C024C65C0F008C92B0 = {
						CreatedOnToolsVersion = 11.6;
					};
				};
			};
			buildConfigurationList = D7BC90BC24C65C0F008C92B0 /* Build configuration list for PBXProject "SneakTrack" */;
			compatibilityVersion = "Xcode 9.3";
			developmentRegion = en;
			hasScannedForEncodings = 0;
			knownRegions = (
				en,
				Base,
			);
			mainGroup = D7BC90B824C65C0F008C92B0;
			productRefGroup = D7BC90C224C65C0F008C92B0 /* Products */;
			projectDirPath = "";
			projectRoot = "";
			targets = (
				D7BC90C024C65C0F008C92B0 /* SneakTrack */,
			);
		};
/* End PBXProject section */

/* Begin PBXResourcesBuildPhase section */
		D7BC90BF24C65C0F008C92B0 /* Resources */ = {
			isa = PBXResourcesBuildPhase;
			buildActionMask = 2147483647;
			files = (
				D7BC90D424C65C15008C92B0 /* LaunchScreen.storyboard in Resources */,
				D7BC90D124C65C15008C92B0 /* Assets.xcassets in Resources */,
				D7BC90CC24C65C0F008C92B0 /* Main.storyboard in Resources */,
			);
			runOnlyForDeploymentPostprocessing = 0;
		};
/* End PBXResourcesBuildPhase section */

/* Begin PBXSourcesBuildPhase section */
		D7BC90BD24C65C0F008C92B0 /* Sources */ = {
			isa = PBXSourcesBuildPhase;
			buildActionMask = 2147483647;
			files = (
				D7BC90C924C65C0F008C92B0 /* ViewController.swift in Sources */,
				D7BC90C524C65C0F008C92B0 /* AppDelegate.swift in Sources */,
				D7BC90CF24C65C0F008C92B0 /* SneakTrack.xcdatamodeld in Sources */,
				D7BC90C724C65C0F008C92B0 /* SceneDelegate.swift in Sources */,
			);
			runOnlyForDeploymentPostprocessing = 0;
		};
/* End PBXSourcesBuildPhase section */

/* Begin PBXVariantGroup section */
		D7BC90CA24C65C0F008C92B0 /* Main.storyboard */ = {
			isa = PBXVariantGroup;
			children = (
				D7BC90CB24C65C0F008C92B0 /* Base */,
			);
			name = Main.storyboard;
			sourceTree = "<group>";
		};
		D7BC90D224C65C15008C92B0 /* LaunchScreen.storyboard */ = {
			isa = PBXVariantGroup;
			children = (
				D7BC90D324C65C15008C92B0 /* Base */,
			);
			name = LaunchScreen.storyboard;
			sourceTree = "<group>";
		};
/* End PBXVariantGroup section */

/* Begin XCBuildConfiguration section */
		D7BC90D624C65C15008C92B0 /* Debug */ = {
			isa = XCBuildConfiguration;
			buildSettings = {
				ALWAYS_SEARCH_USER_PATHS = NO;
				CLANG_ANALYZER_NONNULL = YES;
				CLANG_ANALYZER_NUMBER_OBJECT_CONVERSION = YES_AGGRESSIVE;
				CLANG_CXX_LANGUAGE_STANDARD = "gnu++14";
				CLANG_CXX_LIBRARY = "libc++";
				CLANG_ENABLE_MODULES = YES;
				CLANG_ENABLE_OBJC_ARC = YES;
				CLANG_ENABLE_OBJC_WEAK = YES;
				CLANG_WARN_BLOCK_CAPTURE_AUTORELEASING = YES;
				CLANG_WARN_BOOL_CONVERSION = YES;
				CLANG_WARN_COMMA = YES;
				CLANG_WARN_CONSTANT_CONVERSION = YES;
				CLANG_WARN_DEPRECATED_OBJC_IMPLEMENTATIONS = YES;
				CLANG_WARN_DIRECT_OBJC_ISA_USAGE = YES_ERROR;
				CLANG_WARN_DOCUMENTATION_COMMENTS = YES;
				CLANG_WARN_EMPTY_BODY = YES;
				CLANG_WARN_ENUM_CONVERSION = YES;
				CLANG_WARN_INFINITE_RECURSION = YES;
				CLANG_WARN_INT_CONVERSION = YES;
				CLANG_WARN_NON_LITERAL_NULL_CONVERSION = YES;
				CLANG_WARN_OBJC_IMPLICIT_RETAIN_SELF = YES;
				CLANG_WARN_OBJC_LITERAL_CONVERSION = YES;
				CLANG_WARN_OBJC_ROOT_CLASS = YES_ERROR;
				CLANG_WARN_RANGE_LOOP_ANALYSIS = YES;
				CLANG_WARN_STRICT_PROTOTYPES = YES;
				CLANG_WARN_SUSPICIOUS_MOVE = YES;
				CLANG_WARN_UNGUARDED_AVAILABILITY = YES_AGGRESSIVE;
				CLANG_WARN_UNREACHABLE_CODE = YES;
				CLANG_WARN__DUPLICATE_METHOD_MATCH = YES;
				COPY_PHASE_STRIP = NO;
				DEBUG_INFORMATION_FORMAT = dwarf;
				ENABLE_STRICT_OBJC_MSGSEND = YES;
				ENABLE_TESTABILITY = YES;
				GCC_C_LANGUAGE_STANDARD = gnu11;
				GCC_DYNAMIC_NO_PIC = NO;
				GCC_NO_COMMON_BLOCKS = YES;
				GCC_OPTIMIZATION_LEVEL = 0;
				GCC_PREPROCESSOR_DEFINITIONS = (
					"DEBUG=1",
					"$(inherited)",
				);
				GCC_WARN_64_TO_32_BIT_CONVERSION = YES;
				GCC_WARN_ABOUT_RETURN_TYPE = YES_ERROR;
				GCC_WARN_UNDECLARED_SELECTOR = YES;
				GCC_WARN_UNINITIALIZED_AUTOS = YES_AGGRESSIVE;
				GCC_WARN_UNUSED_FUNCTION = YES;
				GCC_WARN_UNUSED_VARIABLE = YES;
				IPHONEOS_DEPLOYMENT_TARGET = 13.6;
				MTL_ENABLE_DEBUG_INFO = INCLUDE_SOURCE;
				MTL_FAST_MATH = YES;
				ONLY_ACTIVE_ARCH = YES;
				SDKROOT = iphoneos;
				SWIFT_ACTIVE_COMPILATION_CONDITIONS = DEBUG;
				SWIFT_OPTIMIZATION_LEVEL = "-Onone";
			};
			name = Debug;
		};
		D7BC90D724C65C15008C92B0 /* Release */ = {
			isa = XCBuildConfiguration;
			buildSettings = {
				ALWAYS_SEARCH_USER_PATHS = NO;
				CLANG_ANALYZER_NONNULL = YES;
				CLANG_ANALYZER_NUMBER_OBJECT_CONVERSION = YES_AGGRESSIVE;
				CLANG_CXX_LANGUAGE_STANDARD = "gnu++14";
				CLANG_CXX_LIBRARY = "libc++";
				CLANG_ENABLE_MODULES = YES;
				CLANG_ENABLE_OBJC_ARC = YES;
				CLANG_ENABLE_OBJC_WEAK = YES;
				CLANG_WARN_BLOCK_CAPTURE_AUTORELEASING = YES;
				CLANG_WARN_BOOL_CONVERSION = YES;
				CLANG_WARN_COMMA = YES;
				CLANG_WARN_CONSTANT_CONVERSION = YES;
				CLANG_WARN_DEPRECATED_OBJC_IMPLEMENTATIONS = YES;
				CLANG_WARN_DIRECT_OBJC_ISA_USAGE = YES_ERROR;
				CLANG_WARN_DOCUMENTATION_COMMENTS = YES;
				CLANG_WARN_EMPTY_BODY = YES;
				CLANG_WARN_ENUM_CONVERSION = YES;
				CLANG_WARN_INFINITE_RECURSION = YES;
				CLANG_WARN_INT_CONVERSION = YES;
				CLANG_WARN_NON_LITERAL_NULL_CONVERSION = YES;
				CLANG_WARN_OBJC_IMPLICIT_RETAIN_SELF = YES;
				CLANG_WARN_OBJC_LITERAL_CONVERSION = YES;
				CLANG_WARN_OBJC_ROOT_CLASS = YES_ERROR;
				CLANG_WARN_RANGE_LOOP_ANALYSIS = YES;
				CLANG_WARN_STRICT_PROTOTYPES = YES;
				CLANG_WARN_SUSPICIOUS_MOVE = YES;
				CLANG_WARN_UNGUARDED_AVAILABILITY = YES_AGGRESSIVE;
				CLANG_WARN_UNREACHABLE_CODE = YES;
				CLANG_WARN__DUPLICATE_METHOD_MATCH = YES;
				COPY_PHASE_STRIP = NO;
				DEBUG_INFORMATION_FORMAT = "dwarf-with-dsym";
				ENABLE_NS_ASSERTIONS = NO;
				ENABLE_STRICT_OBJC_MSGSEND = YES;
				GCC_C_LANGUAGE_STANDARD = gnu11;
				GCC_NO_COMMON_BLOCKS = YES;
				GCC_WARN_64_TO_32_BIT_CONVERSION = YES;
				GCC_WARN_ABOUT_RETURN_TYPE = YES_ERROR;
				GCC_WARN_UNDECLARED_SELECTOR = YES;
				GCC_WARN_UNINITIALIZED_AUTOS = YES_AGGRESSIVE;
				GCC_WARN_UNUSED_FUNCTION = YES;
				GCC_WARN_UNUSED_VARIABLE = YES;
				IPHONEOS_DEPLOYMENT_TARGET = 13.6;
				MTL_ENABLE_DEBUG_INFO = NO;
				MTL_FAST_MATH = YES;
				SDKROOT = iphoneos;
				SWIFT_COMPILATION_MODE = wholemodule;
				SWIFT_OPTIMIZATION_LEVEL = "-O";
				VALIDATE_PRODUCT = YES;
			};
			name = Release;
		};
		D7BC90D924C65C15008C92B0 /* Debug */ = {
			isa = XCBuildConfiguration;
			buildSettings = {
				ASSETCATALOG_COMPILER_APPICON_NAME = AppIcon;
				CODE_SIGN_STYLE = Automatic;
				DEVELOPMENT_TEAM = 8BG4SXDM8K;
				INFOPLIST_FILE = SneakTrack/Info.plist;
				LD_RUNPATH_SEARCH_PATHS = (
					"$(inherited)",
					"@executable_path/Frameworks",
				);
				PRODUCT_BUNDLE_IDENTIFIER = com.arponpurkayastha.SneakTrack;
				PRODUCT_NAME = "$(TARGET_NAME)";
				SWIFT_VERSION = 5.0;
				TARGETED_DEVICE_FAMILY = "1,2";
			};
			name = Debug;
		};
		D7BC90DA24C65C15008C92B0 /* Release */ = {
			isa = XCBuildConfiguration;
			buildSettings = {
				ASSETCATALOG_COMPILER_APPICON_NAME = AppIcon;
				CODE_SIGN_STYLE = Automatic;
				DEVELOPMENT_TEAM = 8BG4SXDM8K;
				INFOPLIST_FILE = SneakTrack/Info.plist;
				LD_RUNPATH_SEARCH_PATHS = (
					"$(inherited)",
					"@executable_path/Frameworks",
				);
				PRODUCT_BUNDLE_IDENTIFIER = com.arponpurkayastha.SneakTrack;
				PRODUCT_NAME = "$(TARGET_NAME)";
				SWIFT_VERSION = 5.0;
				TARGETED_DEVICE_FAMILY = "1,2";
			};
			name = Release;
		};
/* End XCBuildConfiguration section */

/* Begin XCConfigurationList section */
		D7BC90BC24C65C0F008C92B0 /* Build configuration list for PBXProject "SneakTrack" */ = {
			isa = XCConfigurationList;
			buildConfigurations = (
				D7BC90D624C65C15008C92B0 /* Debug */,
				D7BC90D724C65C15008C92B0 /* Release */,
			);
			defaultConfigurationIsVisible = 0;
			defaultConfigurationName = Release;
		};
		D7BC90D824C65C15008C92B0 /* Build configuration list for PBXNativeTarget "SneakTrack" */ = {
			isa = XCConfigurationList;
			buildConfigurations = (
				D7BC90D924C65C15008C92B0 /* Debug */,
				D7BC90DA24C65C15008C92B0 /* Release */,
			);
			defaultConfigurationIsVisible = 0;
			defaultConfigurationName = Release;
		};
/* End XCConfigurationList section */

/* Begin XCVersionGroup section */
		D7BC90CD24C65C0F008C92B0 /* SneakTrack.xcdatamodeld */ = {
			isa = XCVersionGroup;
			children = (
				D7BC90CE24C65C0F008C92B0 /* SneakTrack.xcdatamodel */,
			);
			currentVersion = D7BC90CE24C65C0F008C92B0 /* SneakTrack.xcdatamodel */;
			path = SneakTrack.xcdatamodeld;
			sourceTree = "<group>";
			versionGroupType = wrapper.xcdatamodel;
		};
/* End XCVersionGroup section */
	};
	rootObject = D7BC90B924C65C0F008C92B0 /* Project object */;
}
